<?xml version="1.0" encoding="utf-8"?>
<Project ToolsVersion="4.0" xmlns="http://schemas.microsoft.com/developer/msbuild/2003">
  <ItemGroup>
    <Filter Include="Source">
      <UniqueIdentifier>{4FC737F1-C7A5-4376-A066-2A32D752A2FF}</UniqueIdentifier>
      <Extensions>cpp;c;cc;cxx;def;odl;idl;hpj;bat;asm;asmx</Extensions>
    </Filter>
    <Filter Include="Tools">
      <UniqueIdentifier>{9d298016-12bd-4007-8911-3b12ce976d69}</UniqueIdentifier>
    </Filter>
    <Filter Include="Tools\Timers">
      <UniqueIdentifier>{35e2d359-a913-4f67-a264-7c17313c8ad1}</UniqueIdentifier>
    </Filter>
    <Filter Include="Source\Scene">
      <UniqueIdentifier>{26d366c1-f57f-4386-8d50-da092e2cce70}</UniqueIdentifier>
    </Filter>
    <Filter Include="Source\Entity System">
      <UniqueIdentifier>{7000fa25-4a92-405c-b0d1-2006cac4876c}</UniqueIdentifier>
    </Filter>
    <Filter Include="Source\Modules">
      <UniqueIdentifier>{f1f811db-54d3-4156-8fb0-196b28035875}</UniqueIdentifier>
    </Filter>
  </ItemGroup>
  <ItemGroup>
    <ClInclude Include="j1Animation.h">
      <Filter>Tools</Filter>
    </ClInclude>
    <ClInclude Include="j1App.h">
      <Filter>Source</Filter>
    </ClInclude>
    <ClInclude Include="j1Audio.h">
      <Filter>Source\Modules</Filter>
    </ClInclude>
    <ClInclude Include="j1Collisions.h">
      <Filter>Source\Modules</Filter>
    </ClInclude>
    <ClInclude Include="j1Input.h">
      <Filter>Source\Modules</Filter>
    </ClInclude>
    <ClInclude Include="j1EntityManager.h">
      <Filter>Source\Entity System</Filter>
    </ClInclude>
    <ClInclude Include="j1Entity.h">
      <Filter>Source\Entity System</Filter>
    </ClInclude>
    <ClInclude Include="j1FadeToBlack.h">
      <Filter>Source\Scene</Filter>
    </ClInclude>
    <ClInclude Include="j1PerfTimer.h">
      <Filter>Tools\Timers</Filter>
    </ClInclude>
    <ClInclude Include="j1Timer.h">
      <Filter>Tools\Timers</Filter>
    </ClInclude>
    <ClInclude Include="j1Player.h">
      <Filter>Source\Entity System</Filter>
    </ClInclude>
    <ClInclude Include="j1Scene.h">
      <Filter>Source\Scene</Filter>
    </ClInclude>
    <ClInclude Include="j1Render.h">
      <Filter>Source\Modules</Filter>
    </ClInclude>
    <ClInclude Include="j1Window.h">
      <Filter>Source\Modules</Filter>
    </ClInclude>
    <ClInclude Include="j1Textures.h">
      <Filter>Source\Modules</Filter>
    </ClInclude>
    <ClInclude Include="p2List.h">
      <Filter>Tools</Filter>
    </ClInclude>
    <ClInclude Include="p2Log.h">
      <Filter>Tools</Filter>
    </ClInclude>
    <ClInclude Include="p2Point.h">
      <Filter>Tools</Filter>
    </ClInclude>
    <ClInclude Include="p2SString.h">
      <Filter>Tools</Filter>
    </ClInclude>
    <ClInclude Include="p2Defs.h">
      <Filter>Tools</Filter>
    </ClInclude>
    <ClInclude Include="p2DynArray.h">
      <Filter>Tools</Filter>
    </ClInclude>
    <ClInclude Include="j1Module.h">
      <Filter>Source</Filter>
    </ClInclude>
  </ItemGroup>
  <ItemGroup>
    <ClCompile Include="j1App.cpp">
      <Filter>Source</Filter>
    </ClCompile>
    <ClCompile Include="j1Collisions.cpp">
      <Filter>Source\Modules</Filter>
    </ClCompile>
    <ClCompile Include="j1Input.cpp">
      <Filter>Source\Modules</Filter>
    </ClCompile>
    <ClCompile Include="j1Audio.cpp">
      <Filter>Source\Modules</Filter>
    </ClCompile>
    <ClCompile Include="j1EntityManager.cpp">
      <Filter>Source\Entity System</Filter>
    </ClCompile>
    <ClCompile Include="j1FadeToBlack.cpp">
      <Filter>Source\Scene</Filter>
    </ClCompile>
    <ClCompile Include="j1Main.cpp">
      <Filter>Source</Filter>
    </ClCompile>
    <ClCompile Include="j1Timer.cpp">
      <Filter>Tools\Timers</Filter>
    </ClCompile>
    <ClCompile Include="j1PerfTimer.cpp">
      <Filter>Tools\Timers</Filter>
    </ClCompile>
    <ClCompile Include="j1Player.cpp">
      <Filter>Source\Entity System</Filter>
    </ClCompile>
    <ClCompile Include="j1Scene.cpp">
      <Filter>Source\Scene</Filter>
    </ClCompile>
    <ClCompile Include="j1Render.cpp">
      <Filter>Source\Modules</Filter>
    </ClCompile>
    <ClCompile Include="j1Window.cpp">
      <Filter>Source\Modules</Filter>
    </ClCompile>
    <ClCompile Include="j1Textures.cpp">
      <Filter>Source\Modules</Filter>
    </ClCompile>
    <ClCompile Include="p2Log.cpp">
      <Filter>Tools</Filter>
    </ClCompile>
  </ItemGroup>
</Project>